{
  "originHash" : "9c6887668be0ed0c05add036d2f63123138b87121b84a4eab496568514fb61b0",
  "pins" : [
    {
      "identity" : "capacitor-swift-pm",
      "kind" : "remoteSourceControl",
      "location" : "https://github.com/ionic-team/capacitor-swift-pm.git",
      "state" : {
        "revision" : "13a39179b3df796f3bb2e70c47ccdd92593f34d2",
        "version" : "8.0.2"
      }
    }
  ],
  "version" : 3
}
